
Microsoft Visual Studio Solution File, Format Version 12.00
Project("{FAE04EC0-301F-11D3-BF4B-00C04F79EFBC}") = "Collections_Managment_API", "Collections_Managment_API\Collections_Managment_API.csproj", "{0C82DB3A-2C9F-424D-810E-0FBD5A2A28F3}"
EndProject
Project("{FAE04EC0-301F-11D3-BF4B-00C04F79EFBC}") = "CollectionsManagmentAPI.DataAccess", "CollectionsManagmentAPI.DataAccess\CollectionsManagmentAPI.DataAccess.csproj", "{FDE61597-C6F3-4EF6-8EC2-ACC54B3212BF}"
EndProject
Project("{FAE04EC0-301F-11D3-BF4B-00C04F79EFBC}") = "CollectionsManagmentAPI.Entity", "CollectionsManagmentAPI.Entity\CollectionsManagmentAPI.Entity.csproj", "{844F21F4-7EDD-4B74-BAED-C982559798AD}"
EndProject
Project("{FAE04EC0-301F-11D3-BF4B-00C04F79EFBC}") = "CollectionsManagmentAPI.Infrastructure", "CollectionsManagmentAPI.Infrastructure\CollectionsManagmentAPI.Infrastructure.csproj", "{10704F82-2ED9-4F58-AB79-4AEEDA2AD2C2}"
EndProject
Project("{FAE04EC0-301F-11D3-BF4B-00C04F79EFBC}") = "CollectionsManagmentAPI.Service", "CollectionsManagmentAPI.Service\CollectionsManagmentAPI.Service.csproj", "{BF8DC60A-2B0E-4229-8437-6D71BABB05A9}"
EndProject
Global
	GlobalSection(SolutionConfigurationPlatforms) = preSolution
		Debug|Any CPU = Debug|Any CPU
		Release|Any CPU = Release|Any CPU
	EndGlobalSection
	GlobalSection(ProjectConfigurationPlatforms) = postSolution
		{0C82DB3A-2C9F-424D-810E-0FBD5A2A28F3}.Debug|Any CPU.ActiveCfg = Debug|Any CPU
		{0C82DB3A-2C9F-424D-810E-0FBD5A2A28F3}.Debug|Any CPU.Build.0 = Debug|Any CPU
		{0C82DB3A-2C9F-424D-810E-0FBD5A2A28F3}.Release|Any CPU.ActiveCfg = Release|Any CPU
		{0C82DB3A-2C9F-424D-810E-0FBD5A2A28F3}.Release|Any CPU.Build.0 = Release|Any CPU
		{FDE61597-C6F3-4EF6-8EC2-ACC54B3212BF}.Debug|Any CPU.ActiveCfg = Debug|Any CPU
		{FDE61597-C6F3-4EF6-8EC2-ACC54B3212BF}.Debug|Any CPU.Build.0 = Debug|Any CPU
		{FDE61597-C6F3-4EF6-8EC2-ACC54B3212BF}.Release|Any CPU.ActiveCfg = Release|Any CPU
		{FDE61597-C6F3-4EF6-8EC2-ACC54B3212BF}.Release|Any CPU.Build.0 = Release|Any CPU
		{844F21F4-7EDD-4B74-BAED-C982559798AD}.Debug|Any CPU.ActiveCfg = Debug|Any CPU
		{844F21F4-7EDD-4B74-BAED-C982559798AD}.Debug|Any CPU.Build.0 = Debug|Any CPU
		{844F21F4-7EDD-4B74-BAED-C982559798AD}.Release|Any CPU.ActiveCfg = Release|Any CPU
		{844F21F4-7EDD-4B74-BAED-C982559798AD}.Release|Any CPU.Build.0 = Release|Any CPU
		{10704F82-2ED9-4F58-AB79-4AEEDA2AD2C2}.Debug|Any CPU.ActiveCfg = Debug|Any CPU
		{10704F82-2ED9-4F58-AB79-4AEEDA2AD2C2}.Debug|Any CPU.Build.0 = Debug|Any CPU
		{10704F82-2ED9-4F58-AB79-4AEEDA2AD2C2}.Release|Any CPU.ActiveCfg = Release|Any CPU
		{10704F82-2ED9-4F58-AB79-4AEEDA2AD2C2}.Release|Any CPU.Build.0 = Release|Any CPU
		{BF8DC60A-2B0E-4229-8437-6D71BABB05A9}.Debug|Any CPU.ActiveCfg = Debug|Any CPU
		{BF8DC60A-2B0E-4229-8437-6D71BABB05A9}.Debug|Any CPU.Build.0 = Debug|Any CPU
		{BF8DC60A-2B0E-4229-8437-6D71BABB05A9}.Release|Any CPU.ActiveCfg = Release|Any CPU
		{BF8DC60A-2B0E-4229-8437-6D71BABB05A9}.Release|Any CPU.Build.0 = Release|Any CPU
	EndGlobalSection
EndGlobal
